// !$*UTF8*$!
{
	archiveVersion = 1;
	classes = {
	};
	objectVersion = 77;
	objects = {

/* Begin PBXBuildFile section */
		4B1E97262EFE7C390010BB32 /* KeyboardShortcuts in Frameworks */ = {isa = PBXBuildFile; productRef = 4B1E97252EFE7C390010BB32 /* KeyboardShortcuts */; };
		4B1E97302EFE8A100010BB32 /* Assets.xcassets in Resources */ = {isa = PBXBuildFile; fileRef = 4B1E972A2EFE8A100010BB32 /* Assets.xcassets */; };
		4B1E97312EFE8A100010BB32 /* Constants.swift in Sources */ = {isa = PBXBuildFile; fileRef = 4B1E972B2EFE8A100010BB32 /* Constants.swift */; };
		4B1E97322EFE8A100010BB32 /* MinuteRepeaterApp.swift in Sources */ = {isa = PBXBuildFile; fileRef = 4B1E972C2EFE8A100010BB32 /* MinuteRepeaterApp.swift */; };
		4B1E97332EFE8A100010BB32 /* SettingsView.swift in Sources */ = {isa = PBXBuildFile; fileRef = 4B1E972D2EFE8A100010BB32 /* SettingsView.swift */; };
		4B1E97342EFE8A100010BB32 /* WaveRider.swift in Sources */ = {isa = PBXBuildFile; fileRef = 4B1E972E2EFE8A100010BB32 /* WaveRider.swift */; };
		4B25A85A2F04BA5600434EFD /* Localizable.xcstrings in Resources */ = {isa = PBXBuildFile; fileRef = 4B25A8592F04BA5600434EFD /* Localizable.xcstrings */; };
/* End PBXBuildFile section */

/* Begin PBXContainerItemProxy section */
		4B51EDA92EFBD03E00EFEA63 /* PBXContainerItemProxy */ = {
			isa = PBXContainerItemProxy;
			containerPortal = 4B51ED932EFBD03C00EFEA63 /* Project object */;
			proxyType = 1;
			remoteGlobalIDString = 4B51ED9A2EFBD03C00EFEA63;
			remoteInfo = MinuteRepeater;
		};
		4B51EDB32EFBD03E00EFEA63 /* PBXContainerItemProxy */ = {
			isa = PBXContainerItemProxy;
			containerPortal = 4B51ED932EFBD03C00EFEA63 /* Project object */;
			proxyType = 1;
			remoteGlobalIDString = 4B51ED9A2EFBD03C00EFEA63;
			remoteInfo = MinuteRepeater;
		};
/* End PBXContainerItemProxy section */

/* Begin PBXFileReference section */
		4B1E972A2EFE8A100010BB32 /* Assets.xcassets */ = {isa = PBXFileReference; lastKnownFileType = folder.assetcatalog; path = Assets.xcassets; sourceTree = "<group>"; };
		4B1E972B2EFE8A100010BB32 /* Constants.swift */ = {isa = PBXFileReference; lastKnownFileType = sourcecode.swift; path = Constants.swift; sourceTree = "<group>"; };
		4B1E972C2EFE8A100010BB32 /* MinuteRepeaterApp.swift */ = {isa = PBXFileReference; lastKnownFileType = sourcecode.swift; path = MinuteRepeaterApp.swift; sourceTree = "<group>"; };
		4B1E972D2EFE8A100010BB32 /* SettingsView.swift */ = {isa = PBXFileReference; lastKnownFileType = sourcecode.swift; path = SettingsView.swift; sourceTree = "<group>"; };
		4B1E972E2EFE8A100010BB32 /* WaveRider.swift */ = {isa = PBXFileReference; lastKnownFileType = sourcecode.swift; path = WaveRider.swift; sourceTree = "<group>"; };
		4B25A8592F04BA5600434EFD /* Localizable.xcstrings */ = {isa = PBXFileReference; lastKnownFileType = text.json.xcstrings; path = Localizable.xcstrings; sourceTree = "<group>"; };
		4B51ED9B2EFBD03C00EFEA63 /* MinuteRepeater.app */ = {isa = PBXFileReference; explicitFileType = wrapper.application; includeInIndex = 0; path = MinuteRepeater.app; sourceTree = BUILT_PRODUCTS_DIR; };
		4B51EDA82EFBD03E00EFEA63 /* MinuteRepeaterTests.xctest */ = {isa = PBXFileReference; explicitFileType = wrapper.cfbundle; includeInIndex = 0; path = MinuteRepeaterTests.xctest; sourceTree = BUILT_PRODUCTS_DIR; };
		4B51EDB22EFBD03E00EFEA63 /* MinuteRepeaterUITests.xctest */ = {isa = PBXFileReference; explicitFileType = wrapper.cfbundle; includeInIndex = 0; path = MinuteRepeaterUITests.xctest; sourceTree = BUILT_PRODUCTS_DIR; };
/* End PBXFileReference section */

/* Begin PBXFileSystemSynchronizedRootGroup section */
		4B51EDAB2EFBD03E00EFEA63 /* MinuteRepeaterTests */ = {
			isa = PBXFileSystemSynchronizedRootGroup;
			path = MinuteRepeaterTests;
			sourceTree = "<group>";
		};
		4B51EDB52EFBD03E00EFEA63 /* MinuteRepeaterUITests */ = {
			isa = PBXFileSystemSynchronizedRootGroup;
			path = MinuteRepeaterUITests;
			sourceTree = "<group>";
		};
/* End PBXFileSystemSynchronizedRootGroup section */

/* Begin PBXFrameworksBuildPhase section */
		4B51ED982EFBD03C00EFEA63 /* Frameworks */ = {
			isa = PBXFrameworksBuildPhase;
			buildActionMask = 2147483647;
			files = (
				4B1E97262EFE7C390010BB32 /* KeyboardShortcuts in Frameworks */,
			);
			runOnlyForDeploymentPostprocessing = 0;
		};
		4B51EDA52EFBD03E00EFEA63 /* Frameworks */ = {
			isa = PBXFrameworksBuildPhase;
			buildActionMask = 2147483647;
			files = (
			);
			runOnlyForDeploymentPostprocessing = 0;
		};
		4B51EDAF2EFBD03E00EFEA63 /* Frameworks */ = {
			isa = PBXFrameworksBuildPhase;
			buildActionMask = 2147483647;
			files = (
			);
			runOnlyForDeploymentPostprocessing = 0;
		};
/* End PBXFrameworksBuildPhase section */

/* Begin PBXGroup section */
		4B1E972F2EFE8A100010BB32 /* MinuteRepeater */ = {
			isa = PBXGroup;
			children = (
				4B1E97352EFE8A1E0010BB32 /* Views */,
				4B1E972A2EFE8A100010BB32 /* Assets.xcassets */,
				4B1E972B2EFE8A100010BB32 /* Constants.swift */,
				4B1E972C2EFE8A100010BB32 /* MinuteRepeaterApp.swift */,
				4B1E972E2EFE8A100010BB32 /* WaveRider.swift */,
				4B25A8592F04BA5600434EFD /* Localizable.xcstrings */,
			);
			path = MinuteRepeater;
			sourceTree = "<group>";
		};
		4B1E97352EFE8A1E0010BB32 /* Views */ = {
			isa = PBXGroup;
			children = (
				4B1E972D2EFE8A100010BB32 /* SettingsView.swift */,
			);
			path = Views;
			sourceTree = "<group>";
		};
		4B51ED922EFBD03C00EFEA63 = {
			isa = PBXGroup;
			children = (
				4B1E972F2EFE8A100010BB32 /* MinuteRepeater */,
				4B51EDAB2EFBD03E00EFEA63 /* MinuteRepeaterTests */,
				4B51EDB52EFBD03E00EFEA63 /* MinuteRepeaterUITests */,
				4B51ED9C2EFBD03C00EFEA63 /* Products */,
			);
			sourceTree = "<group>";
		};
		4B51ED9C2EFBD03C00EFEA63 /* Products */ = {
			isa = PBXGroup;
			children = (
				4B51ED9B2EFBD03C00EFEA63 /* MinuteRepeater.app */,
				4B51EDA82EFBD03E00EFEA63 /* MinuteRepeaterTests.xctest */,
				4B51EDB22EFBD03E00EFEA63 /* MinuteRepeaterUITests.xctest */,
			);
			name = Products;
			sourceTree = "<group>";
		};
/* End PBXGroup section */

/* Begin PBXNativeTarget section */
		4B51ED9A2EFBD03C00EFEA63 /* MinuteRepeater */ = {
			isa = PBXNativeTarget;
			buildConfigurationList = 4B51EDBC2EFBD03E00EFEA63 /* Build configuration list for PBXNativeTarget "MinuteRepeater" */;
			buildPhases = (
				4B51ED972EFBD03C00EFEA63 /* Sources */,
				4B51ED982EFBD03C00EFEA63 /* Frameworks */,
				4B51ED992EFBD03C00EFEA63 /* Resources */,
			);
			buildRules = (
			);
			dependencies = (
			);
			name = MinuteRepeater;
			packageProductDependencies = (
				4B1E97252EFE7C390010BB32 /* KeyboardShortcuts */,
			);
			productName = MinuteRepeater;
			productReference = 4B51ED9B2EFBD03C00EFEA63 /* MinuteRepeater.app */;
			productType = "com.apple.product-type.application";
		};
		4B51EDA72EFBD03E00EFEA63 /* MinuteRepeaterTests */ = {
			isa = PBXNativeTarget;
			buildConfigurationList = 4B51EDBF2EFBD03E00EFEA63 /* Build configuration list for PBXNativeTarget "MinuteRepeaterTests" */;
			buildPhases = (
				4B51EDA42EFBD03E00EFEA63 /* Sources */,
				4B51EDA52EFBD03E00EFEA63 /* Frameworks */,
				4B51EDA62EFBD03E00EFEA63 /* Resources */,
			);
			buildRules = (
			);
			dependencies = (
				4B51EDAA2EFBD03E00EFEA63 /* PBXTargetDependency */,
			);
			fileSystemSynchronizedGroups = (
				4B51EDAB2EFBD03E00EFEA63 /* MinuteRepeaterTests */,
			);
			name = MinuteRepeaterTests;
			packageProductDependencies = (
			);
			productName = MinuteRepeaterTests;
			productReference = 4B51EDA82EFBD03E00EFEA63 /* MinuteRepeaterTests.xctest */;
			productType = "com.apple.product-type.bundle.unit-test";
		};
		4B51EDB12EFBD03E00EFEA63 /* MinuteRepeaterUITests */ = {
			isa = PBXNativeTarget;
			buildConfigurationList = 4B51EDC22EFBD03E00EFEA63 /* Build configuration list for PBXNativeTarget "MinuteRepeaterUITests" */;
			buildPhases = (
				4B51EDAE2EFBD03E00EFEA63 /* Sources */,
				4B51EDAF2EFBD03E00EFEA63 /* Frameworks */,
				4B51EDB02EFBD03E00EFEA63 /* Resources */,
			);
			buildRules = (
			);
			dependencies = (
				4B51EDB42EFBD03E00EFEA63 /* PBXTargetDependency */,
			);
			fileSystemSynchronizedGroups = (
				4B51EDB52EFBD03E00EFEA63 /* MinuteRepeaterUITests */,
			);
			name = MinuteRepeaterUITests;
			packageProductDependencies = (
			);
			productName = MinuteRepeaterUITests;
			productReference = 4B51EDB22EFBD03E00EFEA63 /* MinuteRepeaterUITests.xctest */;
			productType = "com.apple.product-type.bundle.ui-testing";
		};
/* End PBXNativeTarget section */

/* Begin PBXProject section */
		4B51ED932EFBD03C00EFEA63 /* Project object */ = {
			isa = PBXProject;
			attributes = {
				BuildIndependentTargetsInParallel = 1;
				LastSwiftUpdateCheck = 2620;
				LastUpgradeCheck = 2620;
				TargetAttributes = {
					4B51ED9A2EFBD03C00EFEA63 = {
						CreatedOnToolsVersion = 26.2;
					};
					4B51EDA72EFBD03E00EFEA63 = {
						CreatedOnToolsVersion = 26.2;
						TestTargetID = 4B51ED9A2EFBD03C00EFEA63;
					};
					4B51EDB12EFBD03E00EFEA63 = {
						CreatedOnToolsVersion = 26.2;
						TestTargetID = 4B51ED9A2EFBD03C00EFEA63;
					};
				};
			};
			buildConfigurationList = 4B51ED962EFBD03C00EFEA63 /* Build configuration list for PBXProject "MinuteRepeater" */;
			developmentRegion = en;
			hasScannedForEncodings = 0;
			knownRegions = (
				en,
				Base,
				"zh-Hans",
			);
			mainGroup = 4B51ED922EFBD03C00EFEA63;
			minimizedProjectReferenceProxies = 1;
			packageReferences = (
				4B1E97242EFE7C390010BB32 /* XCRemoteSwiftPackageReference "KeyboardShortcuts" */,
			);
			preferredProjectObjectVersion = 77;
			productRefGroup = 4B51ED9C2EFBD03C00EFEA63 /* Products */;
			projectDirPath = "";
			projectRoot = "";
			targets = (
				4B51ED9A2EFBD03C00EFEA63 /* MinuteRepeater */,
				4B51EDA72EFBD03E00EFEA63 /* MinuteRepeaterTests */,
				4B51EDB12EFBD03E00EFEA63 /* MinuteRepeaterUITests */,
			);
		};
/* End PBXProject section */

/* Begin PBXResourcesBuildPhase section */
		4B51ED992EFBD03C00EFEA63 /* Resources */ = {
			isa = PBXResourcesBuildPhase;
			buildActionMask = 2147483647;
			files = (
				4B25A85A2F04BA5600434EFD /* Localizable.xcstrings in Resources */,
				4B1E97302EFE8A100010BB32 /* Assets.xcassets in Resources */,
			);
			runOnlyForDeploymentPostprocessing = 0;
		};
		4B51EDA62EFBD03E00EFEA63 /* Resources */ = {
			isa = PBXResourcesBuildPhase;
			buildActionMask = 2147483647;
			files = (
			);
			runOnlyForDeploymentPostprocessing = 0;
		};
		4B51EDB02EFBD03E00EFEA63 /* Resources */ = {
			isa = PBXResourcesBuildPhase;
			buildActionMask = 2147483647;
			files = (
			);
			runOnlyForDeploymentPostprocessing = 0;
		};
/* End PBXResourcesBuildPhase section */

/* Begin PBXSourcesBuildPhase section */
		4B51ED972EFBD03C00EFEA63 /* Sources */ = {
			isa = PBXSourcesBuildPhase;
			buildActionMask = 2147483647;
			files = (
				4B1E97312EFE8A100010BB32 /* Constants.swift in Sources */,
				4B1E97322EFE8A100010BB32 /* MinuteRepeaterApp.swift in Sources */,
				4B1E97332EFE8A100010BB32 /* SettingsView.swift in Sources */,
				4B1E97342EFE8A100010BB32 /* WaveRider.swift in Sources */,
			);
			runOnlyForDeploymentPostprocessing = 0;
		};
		4B51EDA42EFBD03E00EFEA63 /* Sources */ = {
			isa = PBXSourcesBuildPhase;
			buildActionMask = 2147483647;
			files = (
			);
			runOnlyForDeploymentPostprocessing = 0;
		};
		4B51EDAE2EFBD03E00EFEA63 /* Sources */ = {
			isa = PBXSourcesBuildPhase;
			buildActionMask = 2147483647;
			files = (
			);
			runOnlyForDeploymentPostprocessing = 0;
		};
/* End PBXSourcesBuildPhase section */

/* Begin PBXTargetDependency section */
		4B51EDAA2EFBD03E00EFEA63 /* PBXTargetDependency */ = {
			isa = PBXTargetDependency;
			target = 4B51ED9A2EFBD03C00EFEA63 /* MinuteRepeater */;
			targetProxy = 4B51EDA92EFBD03E00EFEA63 /* PBXContainerItemProxy */;
		};
		4B51EDB42EFBD03E00EFEA63 /* PBXTargetDependency */ = {
			isa = PBXTargetDependency;
			target = 4B51ED9A2EFBD03C00EFEA63 /* MinuteRepeater */;
			targetProxy = 4B51EDB32EFBD03E00EFEA63 /* PBXContainerItemProxy */;
		};
/* End PBXTargetDependency section */

/* Begin XCBuildConfiguration section */
		4B51EDBA2EFBD03E00EFEA63 /* Debug */ = {
			isa = XCBuildConfiguration;
			buildSettings = {
				ALWAYS_SEARCH_USER_PATHS = NO;
				ASSETCATALOG_COMPILER_GENERATE_SWIFT_ASSET_SYMBOL_EXTENSIONS = YES;
				CLANG_ANALYZER_NONNULL = YES;
				CLANG_ANALYZER_NUMBER_OBJECT_CONVERSION = YES_AGGRESSIVE;
				CLANG_CXX_LANGUAGE_STANDARD = "gnu++20";
				CLANG_ENABLE_MODULES = YES;
				CLANG_ENABLE_OBJC_ARC = YES;
				CLANG_ENABLE_OBJC_WEAK = YES;
				CLANG_WARN_BLOCK_CAPTURE_AUTORELEASING = YES;
				CLANG_WARN_BOOL_CONVERSION = YES;
				CLANG_WARN_COMMA = YES;
				CLANG_WARN_CONSTANT_CONVERSION = YES;
				CLANG_WARN_DEPRECATED_OBJC_IMPLEMENTATIONS = YES;
				CLANG_WARN_DIRECT_OBJC_ISA_USAGE = YES_ERROR;
				CLANG_WARN_DOCUMENTATION_COMMENTS = YES;
				CLANG_WARN_EMPTY_BODY = YES;
				CLANG_WARN_ENUM_CONVERSION = YES;
				CLANG_WARN_INFINITE_RECURSION = YES;
				CLANG_WARN_INT_CONVERSION = YES;
				CLANG_WARN_NON_LITERAL_NULL_CONVERSION = YES;
				CLANG_WARN_OBJC_IMPLICIT_RETAIN_SELF = YES;
				CLANG_WARN_OBJC_LITERAL_CONVERSION = YES;
				CLANG_WARN_OBJC_ROOT_CLASS = YES_ERROR;
				CLANG_WARN_QUOTED_INCLUDE_IN_FRAMEWORK_HEADER = YES;
				CLANG_WARN_RANGE_LOOP_ANALYSIS = YES;
				CLANG_WARN_STRICT_PROTOTYPES = YES;
				CLANG_WARN_SUSPICIOUS_MOVE = YES;
				CLANG_WARN_UNGUARDED_AVAILABILITY = YES_AGGRESSIVE;
				CLANG_WARN_UNREACHABLE_CODE = YES;
				CLANG_WARN__DUPLICATE_METHOD_MATCH = YES;
				COPY_PHASE_STRIP = NO;
				DEBUG_INFORMATION_FORMAT = dwarf;
				DEVELOPMENT_TEAM = 8T2U97NBF7;
				ENABLE_STRICT_OBJC_MSGSEND = YES;
				ENABLE_TESTABILITY = YES;
				ENABLE_USER_SCRIPT_SANDBOXING = YES;
				GCC_C_LANGUAGE_STANDARD = gnu17;
				GCC_DYNAMIC_NO_PIC = NO;
				GCC_NO_COMMON_BLOCKS = YES;
				GCC_OPTIMIZATION_LEVEL = 0;
				GCC_PREPROCESSOR_DEFINITIONS = (
					"DEBUG=1",
					"$(inherited)",
				);
				GCC_WARN_64_TO_32_BIT_CONVERSION = YES;
				GCC_WARN_ABOUT_RETURN_TYPE = YES_ERROR;
				GCC_WARN_UNDECLARED_SELECTOR = YES;
				GCC_WARN_UNINITIALIZED_AUTOS = YES_AGGRESSIVE;
				GCC_WARN_UNUSED_FUNCTION = YES;
				GCC_WARN_UNUSED_VARIABLE = YES;
				LOCALIZATION_PREFERS_STRING_CATALOGS = YES;
				MACOSX_DEPLOYMENT_TARGET = 26.2;
				MTL_ENABLE_DEBUG_INFO = INCLUDE_SOURCE;
				MTL_FAST_MATH = YES;
				ONLY_ACTIVE_ARCH = YES;
				SDKROOT = macosx;
				SWIFT_ACTIVE_COMPILATION_CONDITIONS = "DEBUG $(inherited)";
				SWIFT_EMIT_LOC_STRINGS = YES;
				SWIFT_OPTIMIZATION_LEVEL = "-Onone";
			};
			name = Debug;
		};
		4B51EDBB2EFBD03E00EFEA63 /* Release */ = {
			isa = XCBuildConfiguration;
			buildSettings = {
				ALWAYS_SEARCH_USER_PATHS = NO;
				ASSETCATALOG_COMPILER_GENERATE_SWIFT_ASSET_SYMBOL_EXTENSIONS = YES;
				CLANG_ANALYZER_NONNULL = YES;
				CLANG_ANALYZER_NUMBER_OBJECT_CONVERSION = YES_AGGRESSIVE;
				CLANG_CXX_LANGUAGE_STANDARD = "gnu++20";
				CLANG_ENABLE_MODULES = YES;
				CLANG_ENABLE_OBJC_ARC = YES;
				CLANG_ENABLE_OBJC_WEAK = YES;
				CLANG_WARN_BLOCK_CAPTURE_AUTORELEASING = YES;
				CLANG_WARN_BOOL_CONVERSION = YES;
				CLANG_WARN_COMMA = YES;
				CLANG_WARN_CONSTANT_CONVERSION = YES;
				CLANG_WARN_DEPRECATED_OBJC_IMPLEMENTATIONS = YES;
				CLANG_WARN_DIRECT_OBJC_ISA_USAGE = YES_ERROR;
				CLANG_WARN_DOCUMENTATION_COMMENTS = YES;
				CLANG_WARN_EMPTY_BODY = YES;
				CLANG_WARN_ENUM_CONVERSION = YES;
				CLANG_WARN_INFINITE_RECURSION = YES;
				CLANG_WARN_INT_CONVERSION = YES;
				CLANG_WARN_NON_LITERAL_NULL_CONVERSION = YES;
				CLANG_WARN_OBJC_IMPLICIT_RETAIN_SELF = YES;
				CLANG_WARN_OBJC_LITERAL_CONVERSION = YES;
				CLANG_WARN_OBJC_ROOT_CLASS = YES_ERROR;
				CLANG_WARN_QUOTED_INCLUDE_IN_FRAMEWORK_HEADER = YES;
				CLANG_WARN_RANGE_LOOP_ANALYSIS = YES;
				CLANG_WARN_STRICT_PROTOTYPES = YES;
				CLANG_WARN_SUSPICIOUS_MOVE = YES;
				CLANG_WARN_UNGUARDED_AVAILABILITY = YES_AGGRESSIVE;
				CLANG_WARN_UNREACHABLE_CODE = YES;
				CLANG_WARN__DUPLICATE_METHOD_MATCH = YES;
				COPY_PHASE_STRIP = NO;
				DEBUG_INFORMATION_FORMAT = "dwarf-with-dsym";
				DEVELOPMENT_TEAM = 8T2U97NBF7;
				ENABLE_NS_ASSERTIONS = NO;
				ENABLE_STRICT_OBJC_MSGSEND = YES;
				ENABLE_USER_SCRIPT_SANDBOXING = YES;
				GCC_C_LANGUAGE_STANDARD = gnu17;
				GCC_NO_COMMON_BLOCKS = YES;
				GCC_WARN_64_TO_32_BIT_CONVERSION = YES;
				GCC_WARN_ABOUT_RETURN_TYPE = YES_ERROR;
				GCC_WARN_UNDECLARED_SELECTOR = YES;
				GCC_WARN_UNINITIALIZED_AUTOS = YES_AGGRESSIVE;
				GCC_WARN_UNUSED_FUNCTION = YES;
				GCC_WARN_UNUSED_VARIABLE = YES;
				LOCALIZATION_PREFERS_STRING_CATALOGS = YES;
				MACOSX_DEPLOYMENT_TARGET = 26.2;
				MTL_ENABLE_DEBUG_INFO = NO;
				MTL_FAST_MATH = YES;
				SDKROOT = macosx;
				SWIFT_COMPILATION_MODE = wholemodule;
				SWIFT_EMIT_LOC_STRINGS = YES;
			};
			name = Release;
		};
		4B51EDBD2EFBD03E00EFEA63 /* Debug */ = {
			isa = XCBuildConfiguration;
			buildSettings = {
				ASSETCATALOG_COMPILER_APPICON_NAME = AppIcon;
				ASSETCATALOG_COMPILER_GLOBAL_ACCENT_COLOR_NAME = AccentColor;
				"CODE_SIGN_IDENTITY[sdk=macosx*]" = "Apple Development";
				CODE_SIGN_STYLE = Automatic;
				COMBINE_HIDPI_IMAGES = YES;
				CURRENT_PROJECT_VERSION = 1;
				DEVELOPMENT_TEAM = 8T2U97NBF7;
				ENABLE_APP_SANDBOX = YES;
				ENABLE_HARDENED_RUNTIME = YES;
				ENABLE_PREVIEWS = YES;
				ENABLE_USER_SELECTED_FILES = readonly;
				GENERATE_INFOPLIST_FILE = YES;
				INFOPLIST_KEY_LSApplicationCategoryType = "public.app-category.utilities";
				INFOPLIST_KEY_LSUIElement = YES;
				INFOPLIST_KEY_NSHumanReadableCopyright = "© HUANG Cheng";
				LD_RUNPATH_SEARCH_PATHS = (
					"$(inherited)",
					"@executable_path/../Frameworks",
				);
				MARKETING_VERSION = 1.0;
				PRODUCT_BUNDLE_IDENTIFIER = im.cheng.MinuteRepeater;
				PRODUCT_NAME = "$(TARGET_NAME)";
				REGISTER_APP_GROUPS = YES;
				STRING_CATALOG_GENERATE_SYMBOLS = YES;
				SWIFT_APPROACHABLE_CONCURRENCY = YES;
				SWIFT_DEFAULT_ACTOR_ISOLATION = MainActor;
				SWIFT_EMIT_LOC_STRINGS = YES;
				SWIFT_UPCOMING_FEATURE_MEMBER_IMPORT_VISIBILITY = YES;
				SWIFT_VERSION = 5.0;
			};
			name = Debug;
		};
		4B51EDBE2EFBD03E00EFEA63 /* Release */ = {
			isa = XCBuildConfiguration;
			buildSettings = {
				ASSETCATALOG_COMPILER_APPICON_NAME = AppIcon;
				ASSETCATALOG_COMPILER_GLOBAL_ACCENT_COLOR_NAME = AccentColor;
				"CODE_SIGN_IDENTITY[sdk=macosx*]" = "Apple Development";
				CODE_SIGN_STYLE = Automatic;
				COMBINE_HIDPI_IMAGES = YES;
				CURRENT_PROJECT_VERSION = 1;
				DEVELOPMENT_TEAM = 8T2U97NBF7;
				ENABLE_APP_SANDBOX = YES;
				ENABLE_HARDENED_RUNTIME = YES;
				ENABLE_PREVIEWS = YES;
				ENABLE_USER_SELECTED_FILES = readonly;
				GENERATE_INFOPLIST_FILE = YES;
				INFOPLIST_KEY_LSApplicationCategoryType = "public.app-category.utilities";
				INFOPLIST_KEY_LSUIElement = YES;
				INFOPLIST_KEY_NSHumanReadableCopyright = "© HUANG Cheng";
				LD_RUNPATH_SEARCH_PATHS = (
					"$(inherited)",
					"@executable_path/../Frameworks",
				);
				MARKETING_VERSION = 1.0;
				PRODUCT_BUNDLE_IDENTIFIER = im.cheng.MinuteRepeater;
				PRODUCT_NAME = "$(TARGET_NAME)";
				REGISTER_APP_GROUPS = YES;
				STRING_CATALOG_GENERATE_SYMBOLS = YES;
				SWIFT_APPROACHABLE_CONCURRENCY = YES;
				SWIFT_DEFAULT_ACTOR_ISOLATION = MainActor;
				SWIFT_EMIT_LOC_STRINGS = YES;
				SWIFT_UPCOMING_FEATURE_MEMBER_IMPORT_VISIBILITY = YES;
				SWIFT_VERSION = 5.0;
			};
			name = Release;
		};
		4B51EDC02EFBD03E00EFEA63 /* Debug */ = {
			isa = XCBuildConfiguration;
			buildSettings = {
				BUNDLE_LOADER = "$(TEST_HOST)";
				CODE_SIGN_STYLE = Automatic;
				CURRENT_PROJECT_VERSION = 1;
				DEVELOPMENT_TEAM = 8T2U97NBF7;
				GENERATE_INFOPLIST_FILE = YES;
				MACOSX_DEPLOYMENT_TARGET = 26.2;
				MARKETING_VERSION = 1.0;
				PRODUCT_BUNDLE_IDENTIFIER = im.cheng.MinuteRepeaterTests;
				PRODUCT_NAME = "$(TARGET_NAME)";
				STRING_CATALOG_GENERATE_SYMBOLS = NO;
				SWIFT_APPROACHABLE_CONCURRENCY = YES;
				SWIFT_EMIT_LOC_STRINGS = NO;
				SWIFT_UPCOMING_FEATURE_MEMBER_IMPORT_VISIBILITY = YES;
				SWIFT_VERSION = 5.0;
				TEST_HOST = "$(BUILT_PRODUCTS_DIR)/MinuteRepeater.app/$(BUNDLE_EXECUTABLE_FOLDER_PATH)/MinuteRepeater";
			};
			name = Debug;
		};
		4B51EDC12EFBD03E00EFEA63 /* Release */ = {
			isa = XCBuildConfiguration;
			buildSettings = {
				BUNDLE_LOADER = "$(TEST_HOST)";
				CODE_SIGN_STYLE = Automatic;
				CURRENT_PROJECT_VERSION = 1;
				DEVELOPMENT_TEAM = 8T2U97NBF7;
				GENERATE_INFOPLIST_FILE = YES;
				MACOSX_DEPLOYMENT_TARGET = 26.2;
				MARKETING_VERSION = 1.0;
				PRODUCT_BUNDLE_IDENTIFIER = im.cheng.MinuteRepeaterTests;
				PRODUCT_NAME = "$(TARGET_NAME)";
				STRING_CATALOG_GENERATE_SYMBOLS = NO;
				SWIFT_APPROACHABLE_CONCURRENCY = YES;
				SWIFT_EMIT_LOC_STRINGS = NO;
				SWIFT_UPCOMING_FEATURE_MEMBER_IMPORT_VISIBILITY = YES;
				SWIFT_VERSION = 5.0;
				TEST_HOST = "$(BUILT_PRODUCTS_DIR)/MinuteRepeater.app/$(BUNDLE_EXECUTABLE_FOLDER_PATH)/MinuteRepeater";
			};
			name = Release;
		};
		4B51EDC32EFBD03E00EFEA63 /* Debug */ = {
			isa = XCBuildConfiguration;
			buildSettings = {
				CODE_SIGN_STYLE = Automatic;
				CURRENT_PROJECT_VERSION = 1;
				DEVELOPMENT_TEAM = 8T2U97NBF7;
				GENERATE_INFOPLIST_FILE = YES;
				MARKETING_VERSION = 1.0;
				PRODUCT_BUNDLE_IDENTIFIER = im.cheng.MinuteRepeaterUITests;
				PRODUCT_NAME = "$(TARGET_NAME)";
				STRING_CATALOG_GENERATE_SYMBOLS = NO;
				SWIFT_APPROACHABLE_CONCURRENCY = YES;
				SWIFT_EMIT_LOC_STRINGS = NO;
				SWIFT_UPCOMING_FEATURE_MEMBER_IMPORT_VISIBILITY = YES;
				SWIFT_VERSION = 5.0;
				TEST_TARGET_NAME = MinuteRepeater;
			};
			name = Debug;
		};
		4B51EDC42EFBD03E00EFEA63 /* Release */ = {
			isa = XCBuildConfiguration;
			buildSettings = {
				CODE_SIGN_STYLE = Automatic;
				CURRENT_PROJECT_VERSION = 1;
				DEVELOPMENT_TEAM = 8T2U97NBF7;
				GENERATE_INFOPLIST_FILE = YES;
				MARKETING_VERSION = 1.0;
				PRODUCT_BUNDLE_IDENTIFIER = im.cheng.MinuteRepeaterUITests;
				PRODUCT_NAME = "$(TARGET_NAME)";
				STRING_CATALOG_GENERATE_SYMBOLS = NO;
				SWIFT_APPROACHABLE_CONCURRENCY = YES;
				SWIFT_EMIT_LOC_STRINGS = NO;
				SWIFT_UPCOMING_FEATURE_MEMBER_IMPORT_VISIBILITY = YES;
				SWIFT_VERSION = 5.0;
				TEST_TARGET_NAME = MinuteRepeater;
			};
			name = Release;
		};
/* End XCBuildConfiguration section */

/* Begin XCConfigurationList section */
		4B51ED962EFBD03C00EFEA63 /* Build configuration list for PBXProject "MinuteRepeater" */ = {
			isa = XCConfigurationList;
			buildConfigurations = (
				4B51EDBA2EFBD03E00EFEA63 /* Debug */,
				4B51EDBB2EFBD03E00EFEA63 /* Release */,
			);
			defaultConfigurationIsVisible = 0;
			defaultConfigurationName = Release;
		};
		4B51EDBC2EFBD03E00EFEA63 /* Build configuration list for PBXNativeTarget "MinuteRepeater" */ = {
			isa = XCConfigurationList;
			buildConfigurations = (
				4B51EDBD2EFBD03E00EFEA63 /* Debug */,
				4B51EDBE2EFBD03E00EFEA63 /* Release */,
			);
			defaultConfigurationIsVisible = 0;
			defaultConfigurationName = Release;
		};
		4B51EDBF2EFBD03E00EFEA63 /* Build configuration list for PBXNativeTarget "MinuteRepeaterTests" */ = {
			isa = XCConfigurationList;
			buildConfigurations = (
				4B51EDC02EFBD03E00EFEA63 /* Debug */,
				4B51EDC12EFBD03E00EFEA63 /* Release */,
			);
			defaultConfigurationIsVisible = 0;
			defaultConfigurationName = Release;
		};
		4B51EDC22EFBD03E00EFEA63 /* Build configuration list for PBXNativeTarget "MinuteRepeaterUITests" */ = {
			isa = XCConfigurationList;
			buildConfigurations = (
				4B51EDC32EFBD03E00EFEA63 /* Debug */,
				4B51EDC42EFBD03E00EFEA63 /* Release */,
			);
			defaultConfigurationIsVisible = 0;
			defaultConfigurationName = Release;
		};
/* End XCConfigurationList section */

/* Begin XCRemoteSwiftPackageReference section */
		4B1E97242EFE7C390010BB32 /* XCRemoteSwiftPackageReference "KeyboardShortcuts" */ = {
			isa = XCRemoteSwiftPackageReference;
			repositoryURL = "https://github.com/sindresorhus/KeyboardShortcuts";
			requirement = {
				kind = upToNextMajorVersion;
				minimumVersion = 2.4.0;
			};
		};
/* End XCRemoteSwiftPackageReference section */

/* Begin XCSwiftPackageProductDependency section */
		4B1E97252EFE7C390010BB32 /* KeyboardShortcuts */ = {
			isa = XCSwiftPackageProductDependency;
			package = 4B1E97242EFE7C390010BB32 /* XCRemoteSwiftPackageReference "KeyboardShortcuts" */;
			productName = KeyboardShortcuts;
		};
/* End XCSwiftPackageProductDependency section */
	};
	rootObject = 4B51ED932EFBD03C00EFEA63 /* Project object */;
}
